
Microsoft Visual Studio Solution File, Format Version 12.00
# Visual Studio 15
VisualStudioVersion = 15.0.28307.902
MinimumVisualStudioVersion = 10.0.40219.1
Project("{FAE04EC0-301F-11D3-BF4B-00C04F79EFBC}") = "TestConsoleApplication", "TestConsoleApplication\TestConsoleApplication.csproj", "{EF27FE74-B157-41DA-B890-B7C9A4BCD75F}"
EndProject
Global
	GlobalSection(SolutionConfigurationPlatforms) = preSolution
		Debug|Any CPU = Debug|Any CPU
		Release|Any CPU = Release|Any CPU
	EndGlobalSection
	GlobalSection(ProjectConfigurationPlatforms) = postSolution
		{EF27FE74-B157-41DA-B890-B7C9A4BCD75F}.Debug|Any CPU.ActiveCfg = Debug|Any CPU
		{EF27FE74-B157-41DA-B890-B7C9A4BCD75F}.Debug|Any CPU.Build.0 = Debug|Any CPU
		{EF27FE74-B157-41DA-B890-B7C9A4BCD75F}.Release|Any CPU.ActiveCfg = Release|Any CPU
		{EF27FE74-B157-41DA-B890-B7C9A4BCD75F}.Release|Any CPU.Build.0 = Release|Any CPU
	EndGlobalSection
	GlobalSection(SolutionProperties) = preSolution
		HideSolutionNode = FALSE
	EndGlobalSection
	GlobalSection(ExtensibilityGlobals) = postSolution
		SolutionGuid = {5831F818-FD7B-4A08-A93C-4B9DA6E3AA9F}
	EndGlobalSection
EndGlobal
